
Microsoft Visual Studio Solution File, Format Version 12.00
# Visual Studio 15
VisualStudioVersion = 15.0.27004.2008
MinimumVisualStudioVersion = 10.0.40219.1
Project("{FAE04EC0-301F-11D3-BF4B-00C04F79EFBC}") = "Polly", "Polly\Polly.csproj", "{EEBB7A0C-7553-49D7-B460-12A2553842A4}"
EndProject
Global
	GlobalSection(SolutionConfigurationPlatforms) = preSolution
		Debug|Any CPU = Debug|Any CPU
		Release|Any CPU = Release|Any CPU
	EndGlobalSection
	GlobalSection(ProjectConfigurationPlatforms) = postSolution
		{EEBB7A0C-7553-49D7-B460-12A2553842A4}.Debug|Any CPU.ActiveCfg = Debug|Any CPU
		{EEBB7A0C-7553-49D7-B460-12A2553842A4}.Debug|Any CPU.Build.0 = Debug|Any CPU
		{EEBB7A0C-7553-49D7-B460-12A2553842A4}.Release|Any CPU.ActiveCfg = Release|Any CPU
		{EEBB7A0C-7553-49D7-B460-12A2553842A4}.Release|Any CPU.Build.0 = Release|Any CPU
	EndGlobalSection
	GlobalSection(SolutionProperties) = preSolution
		HideSolutionNode = FALSE
	EndGlobalSection
	GlobalSection(ExtensibilityGlobals) = postSolution
		SolutionGuid = {B181B77E-A14E-471B-A111-36C6B424F09D}
	EndGlobalSection
EndGlobal
